// !$*UTF8*$!
{
	archiveVersion = 1;
	classes = {
	};
	objectVersion = 48;
	objects = {

/* Begin PBXBuildFile section */
		9891061021D65AE7007829AC /* AppDelegate.m in Sources */ = {isa = PBXBuildFile; fileRef = 9891060F21D65AE7007829AC /* AppDelegate.m */; };
		9891061221D65AE9007829AC /* Assets.xcassets in Resources */ = {isa = PBXBuildFile; fileRef = 9891061121D65AE9007829AC /* Assets.xcassets */; };
		9891061521D65AE9007829AC /* MainMenu.xib in Resources */ = {isa = PBXBuildFile; fileRef = 9891061321D65AE9007829AC /* MainMenu.xib */; };
		9891061821D65AE9007829AC /* main.m in Sources */ = {isa = PBXBuildFile; fileRef = 9891061721D65AE9007829AC /* main.m */; };
		9891062921D66549007829AC /* ShadowstarKit.framework in Frameworks */ = {isa = PBXBuildFile; fileRef = 9891062721D66541007829AC /* ShadowstarKit.framework */; };
		9891062C21D6672B007829AC /* MacSystemInformation.m in Sources */ = {isa = PBXBuildFile; fileRef = 9891062B21D6672B007829AC /* MacSystemInformation.m */; };
/* End PBXBuildFile section */

/* Begin PBXContainerItemProxy section */
		9891062621D66541007829AC /* PBXContainerItemProxy */ = {
			isa = PBXContainerItemProxy;
			containerPortal = 9891062221D66541007829AC /* ShadowstarKit.xcodeproj */;
			proxyType = 2;
			remoteGlobalIDString = 98804684205813D100E9E768;
			remoteInfo = ShadowstarKit;
		};
/* End PBXContainerItemProxy section */

/* Begin PBXFileReference section */
		9891060B21D65AE7007829AC /* System Snapshots.app */ = {isa = PBXFileReference; explicitFileType = wrapper.application; includeInIndex = 0; path = "System Snapshots.app"; sourceTree = BUILT_PRODUCTS_DIR; };
		9891060E21D65AE7007829AC /* AppDelegate.h */ = {isa = PBXFileReference; lastKnownFileType = sourcecode.c.h; path = AppDelegate.h; sourceTree = "<group>"; };
		9891060F21D65AE7007829AC /* AppDelegate.m */ = {isa = PBXFileReference; lastKnownFileType = sourcecode.c.objc; path = AppDelegate.m; sourceTree = "<group>"; };
		9891061121D65AE9007829AC /* Assets.xcassets */ = {isa = PBXFileReference; lastKnownFileType = folder.assetcatalog; path = Assets.xcassets; sourceTree = "<group>"; };
		9891061421D65AE9007829AC /* Base */ = {isa = PBXFileReference; lastKnownFileType = file.xib; name = Base; path = Base.lproj/MainMenu.xib; sourceTree = "<group>"; };
		9891061621D65AE9007829AC /* Info.plist */ = {isa = PBXFileReference; lastKnownFileType = text.plist.xml; path = Info.plist; sourceTree = "<group>"; };
		9891061721D65AE9007829AC /* main.m */ = {isa = PBXFileReference; lastKnownFileType = sourcecode.c.objc; path = main.m; sourceTree = "<group>"; };
		9891061F21D65C25007829AC /* System Snapshots.entitlements */ = {isa = PBXFileReference; lastKnownFileType = text.plist.entitlements; path = "System Snapshots.entitlements"; sourceTree = "<group>"; };
		9891062221D66541007829AC /* ShadowstarKit.xcodeproj */ = {isa = PBXFileReference; lastKnownFileType = "wrapper.pb-project"; name = ShadowstarKit.xcodeproj; path = ../ShadowstarKit/ShadowstarKit/ShadowstarKit.xcodeproj; sourceTree = "<group>"; };
		9891062A21D6672B007829AC /* MacSystemInformation.h */ = {isa = PBXFileReference; lastKnownFileType = sourcecode.c.h; path = MacSystemInformation.h; sourceTree = "<group>"; };
		9891062B21D6672B007829AC /* MacSystemInformation.m */ = {isa = PBXFileReference; lastKnownFileType = sourcecode.c.objc; path = MacSystemInformation.m; sourceTree = "<group>"; };
/* End PBXFileReference section */

/* Begin PBXFrameworksBuildPhase section */
		9891060821D65AE7007829AC /* Frameworks */ = {
			isa = PBXFrameworksBuildPhase;
			buildActionMask = 2147483647;
			files = (
				9891062921D66549007829AC /* ShadowstarKit.framework in Frameworks */,
			);
			runOnlyForDeploymentPostprocessing = 0;
		};
/* End PBXFrameworksBuildPhase section */

/* Begin PBXGroup section */
		9891060221D65AE6007829AC = {
			isa = PBXGroup;
			children = (
				9891062221D66541007829AC /* ShadowstarKit.xcodeproj */,
				9891060D21D65AE7007829AC /* System Snapshots */,
				9891060C21D65AE7007829AC /* Products */,
				9891062821D66549007829AC /* Frameworks */,
			);
			sourceTree = "<group>";
		};
		9891060C21D65AE7007829AC /* Products */ = {
			isa = PBXGroup;
			children = (
				9891060B21D65AE7007829AC /* System Snapshots.app */,
			);
			name = Products;
			sourceTree = "<group>";
		};
		9891060D21D65AE7007829AC /* System Snapshots */ = {
			isa = PBXGroup;
			children = (
				9891060E21D65AE7007829AC /* AppDelegate.h */,
				9891060F21D65AE7007829AC /* AppDelegate.m */,
				9891062A21D6672B007829AC /* MacSystemInformation.h */,
				9891062B21D6672B007829AC /* MacSystemInformation.m */,
				9891062021D65C84007829AC /* SupportFiles */,
			);
			path = "System Snapshots";
			sourceTree = "<group>";
		};
		9891062021D65C84007829AC /* SupportFiles */ = {
			isa = PBXGroup;
			children = (
				9891061121D65AE9007829AC /* Assets.xcassets */,
				9891061321D65AE9007829AC /* MainMenu.xib */,
				9891061621D65AE9007829AC /* Info.plist */,
				9891061F21D65C25007829AC /* System Snapshots.entitlements */,
				9891061721D65AE9007829AC /* main.m */,
			);
			name = SupportFiles;
			sourceTree = "<group>";
		};
		9891062321D66541007829AC /* Products */ = {
			isa = PBXGroup;
			children = (
				9891062721D66541007829AC /* ShadowstarKit.framework */,
			);
			name = Products;
			sourceTree = "<group>";
		};
		9891062821D66549007829AC /* Frameworks */ = {
			isa = PBXGroup;
			children = (
			);
			name = Frameworks;
			sourceTree = "<group>";
		};
/* End PBXGroup section */

/* Begin PBXNativeTarget section */
		9891060A21D65AE7007829AC /* System Snapshots */ = {
			isa = PBXNativeTarget;
			buildConfigurationList = 9891061C21D65AE9007829AC /* Build configuration list for PBXNativeTarget "System Snapshots" */;
			buildPhases = (
				9891060721D65AE7007829AC /* Sources */,
				9891060821D65AE7007829AC /* Frameworks */,
				9891060921D65AE7007829AC /* Resources */,
			);
			buildRules = (
			);
			dependencies = (
			);
			name = "System Snapshots";
			productName = "System Snapshots";
			productReference = 9891060B21D65AE7007829AC /* System Snapshots.app */;
			productType = "com.apple.product-type.application";
		};
/* End PBXNativeTarget section */

/* Begin PBXProject section */
		9891060321D65AE6007829AC /* Project object */ = {
			isa = PBXProject;
			attributes = {
				LastUpgradeCheck = 1010;
				ORGANIZATIONNAME = Jovi;
				TargetAttributes = {
					9891060A21D65AE7007829AC = {
						CreatedOnToolsVersion = 10.1;
						ProvisioningStyle = Automatic;
						SystemCapabilities = {
							com.apple.Sandbox = {
								enabled = 1;
							};
						};
					};
				};
			};
			buildConfigurationList = 9891060621D65AE6007829AC /* Build configuration list for PBXProject "System Snapshots" */;
			compatibilityVersion = "Xcode 8.0";
			developmentRegion = en;
			hasScannedForEncodings = 0;
			knownRegions = (
				en,
				Base,
			);
			mainGroup = 9891060221D65AE6007829AC;
			productRefGroup = 9891060C21D65AE7007829AC /* Products */;
			projectDirPath = "";
			projectReferences = (
				{
					ProductGroup = 9891062321D66541007829AC /* Products */;
					ProjectRef = 9891062221D66541007829AC /* ShadowstarKit.xcodeproj */;
				},
			);
			projectRoot = "";
			targets = (
				9891060A21D65AE7007829AC /* System Snapshots */,
			);
		};
/* End PBXProject section */

/* Begin PBXReferenceProxy section */
		9891062721D66541007829AC /* ShadowstarKit.framework */ = {
			isa = PBXReferenceProxy;
			fileType = wrapper.framework;
			path = ShadowstarKit.framework;
			remoteRef = 9891062621D66541007829AC /* PBXContainerItemProxy */;
			sourceTree = BUILT_PRODUCTS_DIR;
		};
/* End PBXReferenceProxy section */

/* Begin PBXResourcesBuildPhase section */
		9891060921D65AE7007829AC /* Resources */ = {
			isa = PBXResourcesBuildPhase;
			buildActionMask = 2147483647;
			files = (
				9891061221D65AE9007829AC /* Assets.xcassets in Resources */,
				9891061521D65AE9007829AC /* MainMenu.xib in Resources */,
			);
			runOnlyForDeploymentPostprocessing = 0;
		};
/* End PBXResourcesBuildPhase section */

/* Begin PBXSourcesBuildPhase section */
		9891060721D65AE7007829AC /* Sources */ = {
			isa = PBXSourcesBuildPhase;
			buildActionMask = 2147483647;
			files = (
				9891062C21D6672B007829AC /* MacSystemInformation.m in Sources */,
				9891061821D65AE9007829AC /* main.m in Sources */,
				9891061021D65AE7007829AC /* AppDelegate.m in Sources */,
			);
			runOnlyForDeploymentPostprocessing = 0;
		};
/* End PBXSourcesBuildPhase section */

/* Begin PBXVariantGroup section */
		9891061321D65AE9007829AC /* MainMenu.xib */ = {
			isa = PBXVariantGroup;
			children = (
				9891061421D65AE9007829AC /* Base */,
			);
			name = MainMenu.xib;
			sourceTree = "<group>";
		};
/* End PBXVariantGroup section */

/* Begin XCBuildConfiguration section */
		9891061A21D65AE9007829AC /* Debug */ = {
			isa = XCBuildConfiguration;
			buildSettings = {
				ALWAYS_SEARCH_USER_PATHS = NO;
				CLANG_ANALYZER_NONNULL = YES;
				CLANG_ANALYZER_NUMBER_OBJECT_CONVERSION = YES_AGGRESSIVE;
				CLANG_CXX_LANGUAGE_STANDARD = "gnu++14";
				CLANG_CXX_LIBRARY = "libc++";
				CLANG_ENABLE_MODULES = YES;
				CLANG_ENABLE_OBJC_ARC = YES;
				CLANG_ENABLE_OBJC_WEAK = YES;
				CLANG_WARN_BLOCK_CAPTURE_AUTORELEASING = YES;
				CLANG_WARN_BOOL_CONVERSION = YES;
				CLANG_WARN_COMMA = YES;
				CLANG_WARN_CONSTANT_CONVERSION = YES;
				CLANG_WARN_DEPRECATED_OBJC_IMPLEMENTATIONS = YES;
				CLANG_WARN_DIRECT_OBJC_ISA_USAGE = YES_ERROR;
				CLANG_WARN_DOCUMENTATION_COMMENTS = YES;
				CLANG_WARN_EMPTY_BODY = YES;
				CLANG_WARN_ENUM_CONVERSION = YES;
				CLANG_WARN_INFINITE_RECURSION = YES;
				CLANG_WARN_INT_CONVERSION = YES;
				CLANG_WARN_NON_LITERAL_NULL_CONVERSION = YES;
				CLANG_WARN_OBJC_IMPLICIT_RETAIN_SELF = YES;
				CLANG_WARN_OBJC_LITERAL_CONVERSION = YES;
				CLANG_WARN_OBJC_ROOT_CLASS = YES_ERROR;
				CLANG_WARN_RANGE_LOOP_ANALYSIS = YES;
				CLANG_WARN_STRICT_PROTOTYPES = YES;
				CLANG_WARN_SUSPICIOUS_MOVE = YES;
				CLANG_WARN_UNGUARDED_AVAILABILITY = YES_AGGRESSIVE;
				CLANG_WARN_UNREACHABLE_CODE = YES;
				CLANG_WARN__DUPLICATE_METHOD_MATCH = YES;
				CODE_SIGN_IDENTITY = "Mac Developer";
				COPY_PHASE_STRIP = NO;
				DEBUG_INFORMATION_FORMAT = dwarf;
				ENABLE_STRICT_OBJC_MSGSEND = YES;
				ENABLE_TESTABILITY = YES;
				GCC_C_LANGUAGE_STANDARD = gnu11;
				GCC_DYNAMIC_NO_PIC = NO;
				GCC_NO_COMMON_BLOCKS = YES;
				GCC_OPTIMIZATION_LEVEL = 0;
				GCC_PREPROCESSOR_DEFINITIONS = (
					"DEBUG=1",
					"$(inherited)",
				);
				GCC_WARN_64_TO_32_BIT_CONVERSION = YES;
				GCC_WARN_ABOUT_RETURN_TYPE = YES_ERROR;
				GCC_WARN_UNDECLARED_SELECTOR = YES;
				GCC_WARN_UNINITIALIZED_AUTOS = YES_AGGRESSIVE;
				GCC_WARN_UNUSED_FUNCTION = YES;
				GCC_WARN_UNUSED_VARIABLE = YES;
				MACOSX_DEPLOYMENT_TARGET = 10.14;
				MTL_ENABLE_DEBUG_INFO = INCLUDE_SOURCE;
				MTL_FAST_MATH = YES;
				ONLY_ACTIVE_ARCH = YES;
				SDKROOT = macosx;
			};
			name = Debug;
		};
		9891061B21D65AE9007829AC /* Release */ = {
			isa = XCBuildConfiguration;
			buildSettings = {
				ALWAYS_SEARCH_USER_PATHS = NO;
				CLANG_ANALYZER_NONNULL = YES;
				CLANG_ANALYZER_NUMBER_OBJECT_CONVERSION = YES_AGGRESSIVE;
				CLANG_CXX_LANGUAGE_STANDARD = "gnu++14";
				CLANG_CXX_LIBRARY = "libc++";
				CLANG_ENABLE_MODULES = YES;
				CLANG_ENABLE_OBJC_ARC = YES;
				CLANG_ENABLE_OBJC_WEAK = YES;
				CLANG_WARN_BLOCK_CAPTURE_AUTORELEASING = YES;
				CLANG_WARN_BOOL_CONVERSION = YES;
				CLANG_WARN_COMMA = YES;
				CLANG_WARN_CONSTANT_CONVERSION = YES;
				CLANG_WARN_DEPRECATED_OBJC_IMPLEMENTATIONS = YES;
				CLANG_WARN_DIRECT_OBJC_ISA_USAGE = YES_ERROR;
				CLANG_WARN_DOCUMENTATION_COMMENTS = YES;
				CLANG_WARN_EMPTY_BODY = YES;
				CLANG_WARN_ENUM_CONVERSION = YES;
				CLANG_WARN_INFINITE_RECURSION = YES;
				CLANG_WARN_INT_CONVERSION = YES;
				CLANG_WARN_NON_LITERAL_NULL_CONVERSION = YES;
				CLANG_WARN_OBJC_IMPLICIT_RETAIN_SELF = YES;
				CLANG_WARN_OBJC_LITERAL_CONVERSION = YES;
				CLANG_WARN_OBJC_ROOT_CLASS = YES_ERROR;
				CLANG_WARN_RANGE_LOOP_ANALYSIS = YES;
				CLANG_WARN_STRICT_PROTOTYPES = YES;
				CLANG_WARN_SUSPICIOUS_MOVE = YES;
				CLANG_WARN_UNGUARDED_AVAILABILITY = YES_AGGRESSIVE;
				CLANG_WARN_UNREACHABLE_CODE = YES;
				CLANG_WARN__DUPLICATE_METHOD_MATCH = YES;
				CODE_SIGN_IDENTITY = "Mac Developer";
				COPY_PHASE_STRIP = NO;
				DEBUG_INFORMATION_FORMAT = "dwarf-with-dsym";
				ENABLE_NS_ASSERTIONS = NO;
				ENABLE_STRICT_OBJC_MSGSEND = YES;
				GCC_C_LANGUAGE_STANDARD = gnu11;
				GCC_NO_COMMON_BLOCKS = YES;
				GCC_WARN_64_TO_32_BIT_CONVERSION = YES;
				GCC_WARN_ABOUT_RETURN_TYPE = YES_ERROR;
				GCC_WARN_UNDECLARED_SELECTOR = YES;
				GCC_WARN_UNINITIALIZED_AUTOS = YES_AGGRESSIVE;
				GCC_WARN_UNUSED_FUNCTION = YES;
				GCC_WARN_UNUSED_VARIABLE = YES;
				MACOSX_DEPLOYMENT_TARGET = 10.14;
				MTL_ENABLE_DEBUG_INFO = NO;
				MTL_FAST_MATH = YES;
				SDKROOT = macosx;
			};
			name = Release;
		};
		9891061D21D65AE9007829AC /* Debug */ = {
			isa = XCBuildConfiguration;
			buildSettings = {
				ASSETCATALOG_COMPILER_APPICON_NAME = AppIcon;
				CODE_SIGN_ENTITLEMENTS = "System Snapshots/System Snapshots.entitlements";
				CODE_SIGN_STYLE = Automatic;
				COMBINE_HIDPI_IMAGES = YES;
				CONFIGURATION_BUILD_DIR = "$(BUILD_DIR)/Output";
				DEVELOPMENT_TEAM = 9P895LY647;
				INFOPLIST_FILE = "System Snapshots/Info.plist";
				LD_RUNPATH_SEARCH_PATHS = "$(inherited) @executable_path/../Frameworks";
				MACOSX_DEPLOYMENT_TARGET = 10.8;
				ONLY_ACTIVE_ARCH = YES;
				PRODUCT_BUNDLE_IDENTIFIER = com.HyperartFlow.SystemSnapshot;
				PRODUCT_NAME = "$(TARGET_NAME)";
			};
			name = Debug;
		};
		9891061E21D65AE9007829AC /* Release */ = {
			isa = XCBuildConfiguration;
			buildSettings = {
				ASSETCATALOG_COMPILER_APPICON_NAME = AppIcon;
				CODE_SIGN_ENTITLEMENTS = "System Snapshots/System Snapshots.entitlements";
				CODE_SIGN_STYLE = Automatic;
				COMBINE_HIDPI_IMAGES = YES;
				CONFIGURATION_BUILD_DIR = "$(BUILD_DIR)/Output";
				DEVELOPMENT_TEAM = 9P895LY647;
				INFOPLIST_FILE = "System Snapshots/Info.plist";
				LD_RUNPATH_SEARCH_PATHS = "$(inherited) @executable_path/../Frameworks";
				MACOSX_DEPLOYMENT_TARGET = 10.8;
				ONLY_ACTIVE_ARCH = YES;
				PRODUCT_BUNDLE_IDENTIFIER = com.HyperartFlow.SystemSnapshot;
				PRODUCT_NAME = "$(TARGET_NAME)";
			};
			name = Release;
		};
/* End XCBuildConfiguration section */

/* Begin XCConfigurationList section */
		9891060621D65AE6007829AC /* Build configuration list for PBXProject "System Snapshots" */ = {
			isa = XCConfigurationList;
			buildConfigurations = (
				9891061A21D65AE9007829AC /* Debug */,
				9891061B21D65AE9007829AC /* Release */,
			);
			defaultConfigurationIsVisible = 0;
			defaultConfigurationName = Release;
		};
		9891061C21D65AE9007829AC /* Build configuration list for PBXNativeTarget "System Snapshots" */ = {
			isa = XCConfigurationList;
			buildConfigurations = (
				9891061D21D65AE9007829AC /* Debug */,
				9891061E21D65AE9007829AC /* Release */,
			);
			defaultConfigurationIsVisible = 0;
			defaultConfigurationName = Release;
		};
/* End XCConfigurationList section */
	};
	rootObject = 9891060321D65AE6007829AC /* Project object */;
}
